
Microsoft Visual Studio Solution File, Format Version 12.00
# Visual Studio 15
VisualStudioVersion = 15.0.28307.572
MinimumVisualStudioVersion = 10.0.40219.1
Project("{FAE04EC0-301F-11D3-BF4B-00C04F79EFBC}") = "feedback.Android", "feedback\feedback.Android\feedback.Android.csproj", "{C2101221-F529-4867-B86B-E54AC9E3B3DA}"
EndProject
Project("{FAE04EC0-301F-11D3-BF4B-00C04F79EFBC}") = "feedback", "feedback\feedback\feedback.csproj", "{1FD58223-817D-4175-8C0C-FBD4543AC144}"
EndProject
Global
	GlobalSection(SolutionConfigurationPlatforms) = preSolution
		Debug|Any CPU = Debug|Any CPU
		Release|Any CPU = Release|Any CPU
	EndGlobalSection
	GlobalSection(ProjectConfigurationPlatforms) = postSolution
		{C2101221-F529-4867-B86B-E54AC9E3B3DA}.Debug|Any CPU.ActiveCfg = Debug|Any CPU
		{C2101221-F529-4867-B86B-E54AC9E3B3DA}.Debug|Any CPU.Build.0 = Debug|Any CPU
		{C2101221-F529-4867-B86B-E54AC9E3B3DA}.Debug|Any CPU.Deploy.0 = Debug|Any CPU
		{C2101221-F529-4867-B86B-E54AC9E3B3DA}.Release|Any CPU.ActiveCfg = Release|Any CPU
		{C2101221-F529-4867-B86B-E54AC9E3B3DA}.Release|Any CPU.Build.0 = Release|Any CPU
		{C2101221-F529-4867-B86B-E54AC9E3B3DA}.Release|Any CPU.Deploy.0 = Release|Any CPU
		{1FD58223-817D-4175-8C0C-FBD4543AC144}.Debug|Any CPU.ActiveCfg = Debug|Any CPU
		{1FD58223-817D-4175-8C0C-FBD4543AC144}.Debug|Any CPU.Build.0 = Debug|Any CPU
		{1FD58223-817D-4175-8C0C-FBD4543AC144}.Debug|Any CPU.Deploy.0 = Debug|Any CPU
		{1FD58223-817D-4175-8C0C-FBD4543AC144}.Release|Any CPU.ActiveCfg = Release|Any CPU
		{1FD58223-817D-4175-8C0C-FBD4543AC144}.Release|Any CPU.Build.0 = Release|Any CPU
		{1FD58223-817D-4175-8C0C-FBD4543AC144}.Release|Any CPU.Deploy.0 = Release|Any CPU
	EndGlobalSection
	GlobalSection(SolutionProperties) = preSolution
		HideSolutionNode = FALSE
	EndGlobalSection
	GlobalSection(ExtensibilityGlobals) = postSolution
		SolutionGuid = {FA669D7D-96F0-483D-BADE-1E5A370314E2}
	EndGlobalSection
EndGlobal
